// !$*UTF8*$!
{
	archiveVersion = 1;
	classes = {
	};
	objectVersion = 56;
	objects = {

/* Begin PBXBuildFile section */
		0F1A6F7E2BBD9EA000A4B95E /* RickyMortyViewModel.swift in Sources */ = {isa = PBXBuildFile; fileRef = 0F1A6F7D2BBD9EA000A4B95E /* RickyMortyViewModel.swift */; };
		0F1F6A272BC371F1004B22A6 /* RickyMortyDetailViewController.swift in Sources */ = {isa = PBXBuildFile; fileRef = 0F1F6A262BC371F1004B22A6 /* RickyMortyDetailViewController.swift */; };
		0F28FBDD2BBA33F600E9AC74 /* RickyMortyService.swift in Sources */ = {isa = PBXBuildFile; fileRef = 0F28FBDC2BBA33F600E9AC74 /* RickyMortyService.swift */; };
		0F28FBE02BBA342000E9AC74 /* RickyMortyModel.swift in Sources */ = {isa = PBXBuildFile; fileRef = 0F28FBDF2BBA342000E9AC74 /* RickyMortyModel.swift */; };
		0F28FBE32BBA3AC100E9AC74 /* Alamofire in Frameworks */ = {isa = PBXBuildFile; productRef = 0F28FBE22BBA3AC100E9AC74 /* Alamofire */; };
		0F28FBE52BBA3AC100E9AC74 /* AlamofireDynamic in Frameworks */ = {isa = PBXBuildFile; productRef = 0F28FBE42BBA3AC100E9AC74 /* AlamofireDynamic */; };
		0F28FBE82BBA3B1100E9AC74 /* AlamofireImage in Frameworks */ = {isa = PBXBuildFile; productRef = 0F28FBE72BBA3B1100E9AC74 /* AlamofireImage */; };
		0F78380F2BB38E720039DEE3 /* AppDelegate.swift in Sources */ = {isa = PBXBuildFile; fileRef = 0F78380E2BB38E720039DEE3 /* AppDelegate.swift */; };
		0F7838112BB38E730039DEE3 /* SceneDelegate.swift in Sources */ = {isa = PBXBuildFile; fileRef = 0F7838102BB38E730039DEE3 /* SceneDelegate.swift */; };
		0F7838132BB38E730039DEE3 /* ViewController.swift in Sources */ = {isa = PBXBuildFile; fileRef = 0F7838122BB38E730039DEE3 /* ViewController.swift */; };
		0F7838162BB38E730039DEE3 /* Main.storyboard in Resources */ = {isa = PBXBuildFile; fileRef = 0F7838142BB38E730039DEE3 /* Main.storyboard */; };
		0F7838182BB38E750039DEE3 /* Assets.xcassets in Resources */ = {isa = PBXBuildFile; fileRef = 0F7838172BB38E750039DEE3 /* Assets.xcassets */; };
		0F78381B2BB38E750039DEE3 /* LaunchScreen.storyboard in Resources */ = {isa = PBXBuildFile; fileRef = 0F7838192BB38E750039DEE3 /* LaunchScreen.storyboard */; };
		0F78382A2BB4311B0039DEE3 /* RickyMortyViewController.swift in Sources */ = {isa = PBXBuildFile; fileRef = 0F7838292BB4311B0039DEE3 /* RickyMortyViewController.swift */; };
		0F78382D2BB431380039DEE3 /* SnapKit in Frameworks */ = {isa = PBXBuildFile; productRef = 0F78382C2BB431380039DEE3 /* SnapKit */; };
		0F78382F2BB431380039DEE3 /* SnapKit-Dynamic in Frameworks */ = {isa = PBXBuildFile; productRef = 0F78382E2BB431380039DEE3 /* SnapKit-Dynamic */; };
		0FB1C0CC2BC0D0D200F7AE58 /* RickyMortyTableViewCell.swift in Sources */ = {isa = PBXBuildFile; fileRef = 0FB1C0CB2BC0D0D200F7AE58 /* RickyMortyTableViewCell.swift */; };
		0FB1C0CF2BC1D32200F7AE58 /* Inject in Frameworks */ = {isa = PBXBuildFile; productRef = 0FB1C0CE2BC1D32200F7AE58 /* Inject */; };
/* End PBXBuildFile section */

/* Begin PBXFileReference section */
		0F1A6F7D2BBD9EA000A4B95E /* RickyMortyViewModel.swift */ = {isa = PBXFileReference; lastKnownFileType = sourcecode.swift; path = RickyMortyViewModel.swift; sourceTree = "<group>"; };
		0F1F6A262BC371F1004B22A6 /* RickyMortyDetailViewController.swift */ = {isa = PBXFileReference; lastKnownFileType = sourcecode.swift; path = RickyMortyDetailViewController.swift; sourceTree = "<group>"; };
		0F28FBDC2BBA33F600E9AC74 /* RickyMortyService.swift */ = {isa = PBXFileReference; lastKnownFileType = sourcecode.swift; path = RickyMortyService.swift; sourceTree = "<group>"; };
		0F28FBDF2BBA342000E9AC74 /* RickyMortyModel.swift */ = {isa = PBXFileReference; lastKnownFileType = sourcecode.swift; path = RickyMortyModel.swift; sourceTree = "<group>"; };
		0F78380B2BB38E720039DEE3 /* ProgrammaticLayout.app */ = {isa = PBXFileReference; explicitFileType = wrapper.application; includeInIndex = 0; path = ProgrammaticLayout.app; sourceTree = BUILT_PRODUCTS_DIR; };
		0F78380E2BB38E720039DEE3 /* AppDelegate.swift */ = {isa = PBXFileReference; lastKnownFileType = sourcecode.swift; path = AppDelegate.swift; sourceTree = "<group>"; };
		0F7838102BB38E730039DEE3 /* SceneDelegate.swift */ = {isa = PBXFileReference; lastKnownFileType = sourcecode.swift; path = SceneDelegate.swift; sourceTree = "<group>"; };
		0F7838122BB38E730039DEE3 /* ViewController.swift */ = {isa = PBXFileReference; lastKnownFileType = sourcecode.swift; path = ViewController.swift; sourceTree = "<group>"; };
		0F7838152BB38E730039DEE3 /* Base */ = {isa = PBXFileReference; lastKnownFileType = file.storyboard; name = Base; path = Base.lproj/Main.storyboard; sourceTree = "<group>"; };
		0F7838172BB38E750039DEE3 /* Assets.xcassets */ = {isa = PBXFileReference; lastKnownFileType = folder.assetcatalog; path = Assets.xcassets; sourceTree = "<group>"; };
		0F78381A2BB38E750039DEE3 /* Base */ = {isa = PBXFileReference; lastKnownFileType = file.storyboard; name = Base; path = Base.lproj/LaunchScreen.storyboard; sourceTree = "<group>"; };
		0F78381C2BB38E760039DEE3 /* Info.plist */ = {isa = PBXFileReference; lastKnownFileType = text.plist.xml; path = Info.plist; sourceTree = "<group>"; };
		0F7838292BB4311B0039DEE3 /* RickyMortyViewController.swift */ = {isa = PBXFileReference; lastKnownFileType = sourcecode.swift; path = RickyMortyViewController.swift; sourceTree = "<group>"; };
		0FB1C0CB2BC0D0D200F7AE58 /* RickyMortyTableViewCell.swift */ = {isa = PBXFileReference; lastKnownFileType = sourcecode.swift; path = RickyMortyTableViewCell.swift; sourceTree = "<group>"; };
/* End PBXFileReference section */

/* Begin PBXFrameworksBuildPhase section */
		0F7838082BB38E720039DEE3 /* Frameworks */ = {
			isa = PBXFrameworksBuildPhase;
			buildActionMask = 2147483647;
			files = (
				0F28FBE32BBA3AC100E9AC74 /* Alamofire in Frameworks */,
				0F28FBE52BBA3AC100E9AC74 /* AlamofireDynamic in Frameworks */,
				0F28FBE82BBA3B1100E9AC74 /* AlamofireImage in Frameworks */,
				0F78382D2BB431380039DEE3 /* SnapKit in Frameworks */,
				0F78382F2BB431380039DEE3 /* SnapKit-Dynamic in Frameworks */,
				0FB1C0CF2BC1D32200F7AE58 /* Inject in Frameworks */,
			);
			runOnlyForDeploymentPostprocessing = 0;
		};
/* End PBXFrameworksBuildPhase section */

/* Begin PBXGroup section */
		0F7838022BB38E720039DEE3 = {
			isa = PBXGroup;
			children = (
				0F78380D2BB38E720039DEE3 /* ProgrammaticLayout */,
				0F78380C2BB38E720039DEE3 /* Products */,
			);
			sourceTree = "<group>";
		};
		0F78380C2BB38E720039DEE3 /* Products */ = {
			isa = PBXGroup;
			children = (
				0F78380B2BB38E720039DEE3 /* ProgrammaticLayout.app */,
			);
			name = Products;
			sourceTree = "<group>";
		};
		0F78380D2BB38E720039DEE3 /* ProgrammaticLayout */ = {
			isa = PBXGroup;
			children = (
				0F7838232BB38E870039DEE3 /* Core */,
				0F7838222BB38E7F0039DEE3 /* Features */,
				0F7838192BB38E750039DEE3 /* LaunchScreen.storyboard */,
				0F78381C2BB38E760039DEE3 /* Info.plist */,
			);
			path = ProgrammaticLayout;
			sourceTree = "<group>";
		};
		0F7838222BB38E7F0039DEE3 /* Features */ = {
			isa = PBXGroup;
			children = (
				0F7838242BB38EB60039DEE3 /* RickyMorty */,
			);
			path = Features;
			sourceTree = "<group>";
		};
		0F7838232BB38E870039DEE3 /* Core */ = {
			isa = PBXGroup;
			children = (
				0F78380E2BB38E720039DEE3 /* AppDelegate.swift */,
				0F7838102BB38E730039DEE3 /* SceneDelegate.swift */,
				0F7838122BB38E730039DEE3 /* ViewController.swift */,
				0F7838142BB38E730039DEE3 /* Main.storyboard */,
				0F7838172BB38E750039DEE3 /* Assets.xcassets */,
			);
			path = Core;
			sourceTree = "<group>";
		};
		0F7838242BB38EB60039DEE3 /* RickyMorty */ = {
			isa = PBXGroup;
			children = (
				0F7838282BB38EE00039DEE3 /* Service */,
				0F7838272BB38ED70039DEE3 /* Model */,
				0F7838262BB38ED20039DEE3 /* ViewModel */,
				0F7838252BB38ECD0039DEE3 /* View */,
			);
			path = RickyMorty;
			sourceTree = "<group>";
		};
		0F7838252BB38ECD0039DEE3 /* View */ = {
			isa = PBXGroup;
			children = (
				0FB1C0CA2BC0D06600F7AE58 /* Cell */,
				0F7838292BB4311B0039DEE3 /* RickyMortyViewController.swift */,
				0F1F6A262BC371F1004B22A6 /* RickyMortyDetailViewController.swift */,
			);
			path = View;
			sourceTree = "<group>";
		};
		0F7838262BB38ED20039DEE3 /* ViewModel */ = {
			isa = PBXGroup;
			children = (
				0F1A6F7D2BBD9EA000A4B95E /* RickyMortyViewModel.swift */,
			);
			path = ViewModel;
			sourceTree = "<group>";
		};
		0F7838272BB38ED70039DEE3 /* Model */ = {
			isa = PBXGroup;
			children = (
				0F28FBDF2BBA342000E9AC74 /* RickyMortyModel.swift */,
			);
			path = Model;
			sourceTree = "<group>";
		};
		0F7838282BB38EE00039DEE3 /* Service */ = {
			isa = PBXGroup;
			children = (
				0F28FBDC2BBA33F600E9AC74 /* RickyMortyService.swift */,
			);
			path = Service;
			sourceTree = "<group>";
		};
		0FB1C0CA2BC0D06600F7AE58 /* Cell */ = {
			isa = PBXGroup;
			children = (
				0FB1C0CB2BC0D0D200F7AE58 /* RickyMortyTableViewCell.swift */,
			);
			path = Cell;
			sourceTree = "<group>";
		};
/* End PBXGroup section */

/* Begin PBXNativeTarget section */
		0F78380A2BB38E720039DEE3 /* ProgrammaticLayout */ = {
			isa = PBXNativeTarget;
			buildConfigurationList = 0F78381F2BB38E760039DEE3 /* Build configuration list for PBXNativeTarget "ProgrammaticLayout" */;
			buildPhases = (
				0F7838072BB38E720039DEE3 /* Sources */,
				0F7838082BB38E720039DEE3 /* Frameworks */,
				0F7838092BB38E720039DEE3 /* Resources */,
			);
			buildRules = (
			);
			dependencies = (
			);
			name = ProgrammaticLayout;
			packageProductDependencies = (
				0F78382C2BB431380039DEE3 /* SnapKit */,
				0F78382E2BB431380039DEE3 /* SnapKit-Dynamic */,
				0F28FBE22BBA3AC100E9AC74 /* Alamofire */,
				0F28FBE42BBA3AC100E9AC74 /* AlamofireDynamic */,
				0F28FBE72BBA3B1100E9AC74 /* AlamofireImage */,
				0FB1C0CE2BC1D32200F7AE58 /* Inject */,
			);
			productName = ProgrammaticLayout;
			productReference = 0F78380B2BB38E720039DEE3 /* ProgrammaticLayout.app */;
			productType = "com.apple.product-type.application";
		};
/* End PBXNativeTarget section */

/* Begin PBXProject section */
		0F7838032BB38E720039DEE3 /* Project object */ = {
			isa = PBXProject;
			attributes = {
				BuildIndependentTargetsInParallel = 1;
				LastSwiftUpdateCheck = 1500;
				LastUpgradeCheck = 1500;
				TargetAttributes = {
					0F78380A2BB38E720039DEE3 = {
						CreatedOnToolsVersion = 15.0.1;
					};
				};
			};
			buildConfigurationList = 0F7838062BB38E720039DEE3 /* Build configuration list for PBXProject "ProgrammaticLayout" */;
			compatibilityVersion = "Xcode 14.0";
			developmentRegion = en;
			hasScannedForEncodings = 0;
			knownRegions = (
				en,
				Base,
			);
			mainGroup = 0F7838022BB38E720039DEE3;
			packageReferences = (
				0F78382B2BB431380039DEE3 /* XCRemoteSwiftPackageReference "SnapKit" */,
				0F28FBE12BBA3AC100E9AC74 /* XCRemoteSwiftPackageReference "Alamofire" */,
				0F28FBE62BBA3B1100E9AC74 /* XCRemoteSwiftPackageReference "AlamofireImage" */,
				0FB1C0CD2BC1D32200F7AE58 /* XCRemoteSwiftPackageReference "Inject" */,
			);
			productRefGroup = 0F78380C2BB38E720039DEE3 /* Products */;
			projectDirPath = "";
			projectRoot = "";
			targets = (
				0F78380A2BB38E720039DEE3 /* ProgrammaticLayout */,
			);
		};
/* End PBXProject section */

/* Begin PBXResourcesBuildPhase section */
		0F7838092BB38E720039DEE3 /* Resources */ = {
			isa = PBXResourcesBuildPhase;
			buildActionMask = 2147483647;
			files = (
				0F78381B2BB38E750039DEE3 /* LaunchScreen.storyboard in Resources */,
				0F7838182BB38E750039DEE3 /* Assets.xcassets in Resources */,
				0F7838162BB38E730039DEE3 /* Main.storyboard in Resources */,
			);
			runOnlyForDeploymentPostprocessing = 0;
		};
/* End PBXResourcesBuildPhase section */

/* Begin PBXSourcesBuildPhase section */
		0F7838072BB38E720039DEE3 /* Sources */ = {
			isa = PBXSourcesBuildPhase;
			buildActionMask = 2147483647;
			files = (
				0FB1C0CC2BC0D0D200F7AE58 /* RickyMortyTableViewCell.swift in Sources */,
				0F1A6F7E2BBD9EA000A4B95E /* RickyMortyViewModel.swift in Sources */,
				0F28FBE02BBA342000E9AC74 /* RickyMortyModel.swift in Sources */,
				0F7838132BB38E730039DEE3 /* ViewController.swift in Sources */,
				0F78382A2BB4311B0039DEE3 /* RickyMortyViewController.swift in Sources */,
				0F1F6A272BC371F1004B22A6 /* RickyMortyDetailViewController.swift in Sources */,
				0F78380F2BB38E720039DEE3 /* AppDelegate.swift in Sources */,
				0F7838112BB38E730039DEE3 /* SceneDelegate.swift in Sources */,
				0F28FBDD2BBA33F600E9AC74 /* RickyMortyService.swift in Sources */,
			);
			runOnlyForDeploymentPostprocessing = 0;
		};
/* End PBXSourcesBuildPhase section */

/* Begin PBXVariantGroup section */
		0F7838142BB38E730039DEE3 /* Main.storyboard */ = {
			isa = PBXVariantGroup;
			children = (
				0F7838152BB38E730039DEE3 /* Base */,
			);
			name = Main.storyboard;
			sourceTree = "<group>";
		};
		0F7838192BB38E750039DEE3 /* LaunchScreen.storyboard */ = {
			isa = PBXVariantGroup;
			children = (
				0F78381A2BB38E750039DEE3 /* Base */,
			);
			name = LaunchScreen.storyboard;
			sourceTree = "<group>";
		};
/* End PBXVariantGroup section */

/* Begin XCBuildConfiguration section */
		0F78381D2BB38E760039DEE3 /* Debug */ = {
			isa = XCBuildConfiguration;
			buildSettings = {
				ALWAYS_SEARCH_USER_PATHS = NO;
				ASSETCATALOG_COMPILER_GENERATE_SWIFT_ASSET_SYMBOL_EXTENSIONS = YES;
				CLANG_ANALYZER_NONNULL = YES;
				CLANG_ANALYZER_NUMBER_OBJECT_CONVERSION = YES_AGGRESSIVE;
				CLANG_CXX_LANGUAGE_STANDARD = "gnu++20";
				CLANG_ENABLE_MODULES = YES;
				CLANG_ENABLE_OBJC_ARC = YES;
				CLANG_ENABLE_OBJC_WEAK = YES;
				CLANG_WARN_BLOCK_CAPTURE_AUTORELEASING = YES;
				CLANG_WARN_BOOL_CONVERSION = YES;
				CLANG_WARN_COMMA = YES;
				CLANG_WARN_CONSTANT_CONVERSION = YES;
				CLANG_WARN_DEPRECATED_OBJC_IMPLEMENTATIONS = YES;
				CLANG_WARN_DIRECT_OBJC_ISA_USAGE = YES_ERROR;
				CLANG_WARN_DOCUMENTATION_COMMENTS = YES;
				CLANG_WARN_EMPTY_BODY = YES;
				CLANG_WARN_ENUM_CONVERSION = YES;
				CLANG_WARN_INFINITE_RECURSION = YES;
				CLANG_WARN_INT_CONVERSION = YES;
				CLANG_WARN_NON_LITERAL_NULL_CONVERSION = YES;
				CLANG_WARN_OBJC_IMPLICIT_RETAIN_SELF = YES;
				CLANG_WARN_OBJC_LITERAL_CONVERSION = YES;
				CLANG_WARN_OBJC_ROOT_CLASS = YES_ERROR;
				CLANG_WARN_QUOTED_INCLUDE_IN_FRAMEWORK_HEADER = YES;
				CLANG_WARN_RANGE_LOOP_ANALYSIS = YES;
				CLANG_WARN_STRICT_PROTOTYPES = YES;
				CLANG_WARN_SUSPICIOUS_MOVE = YES;
				CLANG_WARN_UNGUARDED_AVAILABILITY = YES_AGGRESSIVE;
				CLANG_WARN_UNREACHABLE_CODE = YES;
				CLANG_WARN__DUPLICATE_METHOD_MATCH = YES;
				COPY_PHASE_STRIP = NO;
				DEBUG_INFORMATION_FORMAT = dwarf;
				ENABLE_STRICT_OBJC_MSGSEND = YES;
				ENABLE_TESTABILITY = YES;
				ENABLE_USER_SCRIPT_SANDBOXING = YES;
				GCC_C_LANGUAGE_STANDARD = gnu17;
				GCC_DYNAMIC_NO_PIC = NO;
				GCC_NO_COMMON_BLOCKS = YES;
				GCC_OPTIMIZATION_LEVEL = 0;
				GCC_PREPROCESSOR_DEFINITIONS = (
					"DEBUG=1",
					"$(inherited)",
				);
				GCC_WARN_64_TO_32_BIT_CONVERSION = YES;
				GCC_WARN_ABOUT_RETURN_TYPE = YES_ERROR;
				GCC_WARN_UNDECLARED_SELECTOR = YES;
				GCC_WARN_UNINITIALIZED_AUTOS = YES_AGGRESSIVE;
				GCC_WARN_UNUSED_FUNCTION = YES;
				GCC_WARN_UNUSED_VARIABLE = YES;
				IPHONEOS_DEPLOYMENT_TARGET = 17.0;
				LOCALIZATION_PREFERS_STRING_CATALOGS = YES;
				MTL_ENABLE_DEBUG_INFO = INCLUDE_SOURCE;
				MTL_FAST_MATH = YES;
				ONLY_ACTIVE_ARCH = YES;
				SDKROOT = iphoneos;
				SWIFT_ACTIVE_COMPILATION_CONDITIONS = "DEBUG $(inherited)";
				SWIFT_OPTIMIZATION_LEVEL = "-Onone";
			};
			name = Debug;
		};
		0F78381E2BB38E760039DEE3 /* Release */ = {
			isa = XCBuildConfiguration;
			buildSettings = {
				ALWAYS_SEARCH_USER_PATHS = NO;
				ASSETCATALOG_COMPILER_GENERATE_SWIFT_ASSET_SYMBOL_EXTENSIONS = YES;
				CLANG_ANALYZER_NONNULL = YES;
				CLANG_ANALYZER_NUMBER_OBJECT_CONVERSION = YES_AGGRESSIVE;
				CLANG_CXX_LANGUAGE_STANDARD = "gnu++20";
				CLANG_ENABLE_MODULES = YES;
				CLANG_ENABLE_OBJC_ARC = YES;
				CLANG_ENABLE_OBJC_WEAK = YES;
				CLANG_WARN_BLOCK_CAPTURE_AUTORELEASING = YES;
				CLANG_WARN_BOOL_CONVERSION = YES;
				CLANG_WARN_COMMA = YES;
				CLANG_WARN_CONSTANT_CONVERSION = YES;
				CLANG_WARN_DEPRECATED_OBJC_IMPLEMENTATIONS = YES;
				CLANG_WARN_DIRECT_OBJC_ISA_USAGE = YES_ERROR;
				CLANG_WARN_DOCUMENTATION_COMMENTS = YES;
				CLANG_WARN_EMPTY_BODY = YES;
				CLANG_WARN_ENUM_CONVERSION = YES;
				CLANG_WARN_INFINITE_RECURSION = YES;
				CLANG_WARN_INT_CONVERSION = YES;
				CLANG_WARN_NON_LITERAL_NULL_CONVERSION = YES;
				CLANG_WARN_OBJC_IMPLICIT_RETAIN_SELF = YES;
				CLANG_WARN_OBJC_LITERAL_CONVERSION = YES;
				CLANG_WARN_OBJC_ROOT_CLASS = YES_ERROR;
				CLANG_WARN_QUOTED_INCLUDE_IN_FRAMEWORK_HEADER = YES;
				CLANG_WARN_RANGE_LOOP_ANALYSIS = YES;
				CLANG_WARN_STRICT_PROTOTYPES = YES;
				CLANG_WARN_SUSPICIOUS_MOVE = YES;
				CLANG_WARN_UNGUARDED_AVAILABILITY = YES_AGGRESSIVE;
				CLANG_WARN_UNREACHABLE_CODE = YES;
				CLANG_WARN__DUPLICATE_METHOD_MATCH = YES;
				COPY_PHASE_STRIP = NO;
				DEBUG_INFORMATION_FORMAT = "dwarf-with-dsym";
				ENABLE_NS_ASSERTIONS = NO;
				ENABLE_STRICT_OBJC_MSGSEND = YES;
				ENABLE_USER_SCRIPT_SANDBOXING = YES;
				GCC_C_LANGUAGE_STANDARD = gnu17;
				GCC_NO_COMMON_BLOCKS = YES;
				GCC_WARN_64_TO_32_BIT_CONVERSION = YES;
				GCC_WARN_ABOUT_RETURN_TYPE = YES_ERROR;
				GCC_WARN_UNDECLARED_SELECTOR = YES;
				GCC_WARN_UNINITIALIZED_AUTOS = YES_AGGRESSIVE;
				GCC_WARN_UNUSED_FUNCTION = YES;
				GCC_WARN_UNUSED_VARIABLE = YES;
				IPHONEOS_DEPLOYMENT_TARGET = 17.0;
				LOCALIZATION_PREFERS_STRING_CATALOGS = YES;
				MTL_ENABLE_DEBUG_INFO = NO;
				MTL_FAST_MATH = YES;
				SDKROOT = iphoneos;
				SWIFT_COMPILATION_MODE = wholemodule;
				VALIDATE_PRODUCT = YES;
			};
			name = Release;
		};
		0F7838202BB38E760039DEE3 /* Debug */ = {
			isa = XCBuildConfiguration;
			buildSettings = {
				ASSETCATALOG_COMPILER_APPICON_NAME = AppIcon;
				ASSETCATALOG_COMPILER_GLOBAL_ACCENT_COLOR_NAME = AccentColor;
				CODE_SIGN_STYLE = Automatic;
				CURRENT_PROJECT_VERSION = 1;
				DEVELOPMENT_TEAM = T56JGFA2A3;
				GENERATE_INFOPLIST_FILE = YES;
				INFOPLIST_FILE = ProgrammaticLayout/Info.plist;
				INFOPLIST_KEY_UIApplicationSupportsIndirectInputEvents = YES;
				INFOPLIST_KEY_UILaunchStoryboardName = LaunchScreen;
				INFOPLIST_KEY_UIMainStoryboardFile = Main;
				INFOPLIST_KEY_UISupportedInterfaceOrientations_iPad = "UIInterfaceOrientationPortrait UIInterfaceOrientationPortraitUpsideDown UIInterfaceOrientationLandscapeLeft UIInterfaceOrientationLandscapeRight";
				INFOPLIST_KEY_UISupportedInterfaceOrientations_iPhone = "UIInterfaceOrientationPortrait UIInterfaceOrientationLandscapeLeft UIInterfaceOrientationLandscapeRight";
				LD_RUNPATH_SEARCH_PATHS = (
					"$(inherited)",
					"@executable_path/Frameworks",
				);
				MARKETING_VERSION = 1.0;
				OTHER_LDFLAGS = (
					"-Xlinker",
					"-interposable",
				);
				PRODUCT_BUNDLE_IDENTIFIER = com.info.ProgrammaticLayout;
				PRODUCT_NAME = "$(TARGET_NAME)";
				SWIFT_EMIT_LOC_STRINGS = YES;
				SWIFT_VERSION = 5.0;
				TARGETED_DEVICE_FAMILY = "1,2";
			};
			name = Debug;
		};
		0F7838212BB38E760039DEE3 /* Release */ = {
			isa = XCBuildConfiguration;
			buildSettings = {
				ASSETCATALOG_COMPILER_APPICON_NAME = AppIcon;
				ASSETCATALOG_COMPILER_GLOBAL_ACCENT_COLOR_NAME = AccentColor;
				CODE_SIGN_STYLE = Automatic;
				CURRENT_PROJECT_VERSION = 1;
				DEVELOPMENT_TEAM = T56JGFA2A3;
				GENERATE_INFOPLIST_FILE = YES;
				INFOPLIST_FILE = ProgrammaticLayout/Info.plist;
				INFOPLIST_KEY_UIApplicationSupportsIndirectInputEvents = YES;
				INFOPLIST_KEY_UILaunchStoryboardName = LaunchScreen;
				INFOPLIST_KEY_UIMainStoryboardFile = Main;
				INFOPLIST_KEY_UISupportedInterfaceOrientations_iPad = "UIInterfaceOrientationPortrait UIInterfaceOrientationPortraitUpsideDown UIInterfaceOrientationLandscapeLeft UIInterfaceOrientationLandscapeRight";
				INFOPLIST_KEY_UISupportedInterfaceOrientations_iPhone = "UIInterfaceOrientationPortrait UIInterfaceOrientationLandscapeLeft UIInterfaceOrientationLandscapeRight";
				LD_RUNPATH_SEARCH_PATHS = (
					"$(inherited)",
					"@executable_path/Frameworks",
				);
				MARKETING_VERSION = 1.0;
				PRODUCT_BUNDLE_IDENTIFIER = com.info.ProgrammaticLayout;
				PRODUCT_NAME = "$(TARGET_NAME)";
				SWIFT_EMIT_LOC_STRINGS = YES;
				SWIFT_VERSION = 5.0;
				TARGETED_DEVICE_FAMILY = "1,2";
			};
			name = Release;
		};
/* End XCBuildConfiguration section */

/* Begin XCConfigurationList section */
		0F7838062BB38E720039DEE3 /* Build configuration list for PBXProject "ProgrammaticLayout" */ = {
			isa = XCConfigurationList;
			buildConfigurations = (
				0F78381D2BB38E760039DEE3 /* Debug */,
				0F78381E2BB38E760039DEE3 /* Release */,
			);
			defaultConfigurationIsVisible = 0;
			defaultConfigurationName = Release;
		};
		0F78381F2BB38E760039DEE3 /* Build configuration list for PBXNativeTarget "ProgrammaticLayout" */ = {
			isa = XCConfigurationList;
			buildConfigurations = (
				0F7838202BB38E760039DEE3 /* Debug */,
				0F7838212BB38E760039DEE3 /* Release */,
			);
			defaultConfigurationIsVisible = 0;
			defaultConfigurationName = Release;
		};
/* End XCConfigurationList section */

/* Begin XCRemoteSwiftPackageReference section */
		0F28FBE12BBA3AC100E9AC74 /* XCRemoteSwiftPackageReference "Alamofire" */ = {
			isa = XCRemoteSwiftPackageReference;
			repositoryURL = "https://github.com/Alamofire/Alamofire";
			requirement = {
				kind = upToNextMajorVersion;
				minimumVersion = 5.9.1;
			};
		};
		0F28FBE62BBA3B1100E9AC74 /* XCRemoteSwiftPackageReference "AlamofireImage" */ = {
			isa = XCRemoteSwiftPackageReference;
			repositoryURL = "https://github.com/Alamofire/AlamofireImage.git";
			requirement = {
				kind = upToNextMajorVersion;
				minimumVersion = 4.3.0;
			};
		};
		0F78382B2BB431380039DEE3 /* XCRemoteSwiftPackageReference "SnapKit" */ = {
			isa = XCRemoteSwiftPackageReference;
			repositoryURL = "https://github.com/SnapKit/SnapKit.git";
			requirement = {
				kind = upToNextMajorVersion;
				minimumVersion = 5.7.1;
			};
		};
		0FB1C0CD2BC1D32200F7AE58 /* XCRemoteSwiftPackageReference "Inject" */ = {
			isa = XCRemoteSwiftPackageReference;
			repositoryURL = "https://github.com/krzysztofzablocki/Inject.git";
			requirement = {
				kind = upToNextMajorVersion;
				minimumVersion = 1.4.0;
			};
		};
/* End XCRemoteSwiftPackageReference section */

/* Begin XCSwiftPackageProductDependency section */
		0F28FBE22BBA3AC100E9AC74 /* Alamofire */ = {
			isa = XCSwiftPackageProductDependency;
			package = 0F28FBE12BBA3AC100E9AC74 /* XCRemoteSwiftPackageReference "Alamofire" */;
			productName = Alamofire;
		};
		0F28FBE42BBA3AC100E9AC74 /* AlamofireDynamic */ = {
			isa = XCSwiftPackageProductDependency;
			package = 0F28FBE12BBA3AC100E9AC74 /* XCRemoteSwiftPackageReference "Alamofire" */;
			productName = AlamofireDynamic;
		};
		0F28FBE72BBA3B1100E9AC74 /* AlamofireImage */ = {
			isa = XCSwiftPackageProductDependency;
			package = 0F28FBE62BBA3B1100E9AC74 /* XCRemoteSwiftPackageReference "AlamofireImage" */;
			productName = AlamofireImage;
		};
		0F78382C2BB431380039DEE3 /* SnapKit */ = {
			isa = XCSwiftPackageProductDependency;
			package = 0F78382B2BB431380039DEE3 /* XCRemoteSwiftPackageReference "SnapKit" */;
			productName = SnapKit;
		};
		0F78382E2BB431380039DEE3 /* SnapKit-Dynamic */ = {
			isa = XCSwiftPackageProductDependency;
			package = 0F78382B2BB431380039DEE3 /* XCRemoteSwiftPackageReference "SnapKit" */;
			productName = "SnapKit-Dynamic";
		};
		0FB1C0CE2BC1D32200F7AE58 /* Inject */ = {
			isa = XCSwiftPackageProductDependency;
			package = 0FB1C0CD2BC1D32200F7AE58 /* XCRemoteSwiftPackageReference "Inject" */;
			productName = Inject;
		};
/* End XCSwiftPackageProductDependency section */
	};
	rootObject = 0F7838032BB38E720039DEE3 /* Project object */;
}
